// !$*UTF8*$!
{
	archiveVersion = 1;
	classes = {
	};
	objectVersion = 46;
	objects = {

/* Begin PBXBuildFile section */
		1DF4F798160F9D5B0037E9E3 /* UIKit.framework in Frameworks */ = {isa = PBXBuildFile; fileRef = 1DF4F797160F9D5B0037E9E3 /* UIKit.framework */; };
		1DF4F79A160F9D5B0037E9E3 /* Foundation.framework in Frameworks */ = {isa = PBXBuildFile; fileRef = 1DF4F799160F9D5B0037E9E3 /* Foundation.framework */; };
		1DF4F79C160F9D5B0037E9E3 /* CoreGraphics.framework in Frameworks */ = {isa = PBXBuildFile; fileRef = 1DF4F79B160F9D5B0037E9E3 /* CoreGraphics.framework */; };
		1DF4F7A2160F9D5B0037E9E3 /* InfoPlist.strings in Resources */ = {isa = PBXBuildFile; fileRef = 1DF4F7A0160F9D5B0037E9E3 /* InfoPlist.strings */; };
		1DF4F7A4160F9D5B0037E9E3 /* main.m in Sources */ = {isa = PBXBuildFile; fileRef = 1DF4F7A3160F9D5B0037E9E3 /* main.m */; };
		1DF4F7A8160F9D5B0037E9E3 /* SecretCircle_V1AppDelegate.m in Sources */ = {isa = PBXBuildFile; fileRef = 1DF4F7A7160F9D5B0037E9E3 /* SecretCircle_V1AppDelegate.m */; };
		1DF4F7AB160F9D5B0037E9E3 /* SecretCircle_V1ViewController.m in Sources */ = {isa = PBXBuildFile; fileRef = 1DF4F7AA160F9D5B0037E9E3 /* SecretCircle_V1ViewController.m */; };
		1DF4F7AE160F9D5B0037E9E3 /* SecretCircle_V1ViewController.xib in Resources */ = {isa = PBXBuildFile; fileRef = 1DF4F7AC160F9D5B0037E9E3 /* SecretCircle_V1ViewController.xib */; };
		3F5E3A6D1616D20200D508C7 /* SecretCircle_relationship.m in Sources */ = {isa = PBXBuildFile; fileRef = 3F5E3A6B1616D20200D508C7 /* SecretCircle_relationship.m */; };
		3F5E3A6E1616D20200D508C7 /* SecretCircle_relationship.xib in Resources */ = {isa = PBXBuildFile; fileRef = 3F5E3A6C1616D20200D508C7 /* SecretCircle_relationship.xib */; };
		3F5E3A711616D61100D508C7 /* SecretCircle_relationClass.m in Sources */ = {isa = PBXBuildFile; fileRef = 3F5E3A701616D61100D508C7 /* SecretCircle_relationClass.m */; };
/* End PBXBuildFile section */

/* Begin PBXFileReference section */
		1DF4F793160F9D5B0037E9E3 /* SecretCircle_V1.app */ = {isa = PBXFileReference; explicitFileType = wrapper.application; includeInIndex = 0; path = SecretCircle_V1.app; sourceTree = BUILT_PRODUCTS_DIR; };
		1DF4F797160F9D5B0037E9E3 /* UIKit.framework */ = {isa = PBXFileReference; lastKnownFileType = wrapper.framework; name = UIKit.framework; path = System/Library/Frameworks/UIKit.framework; sourceTree = SDKROOT; };
		1DF4F799160F9D5B0037E9E3 /* Foundation.framework */ = {isa = PBXFileReference; lastKnownFileType = wrapper.framework; name = Foundation.framework; path = System/Library/Frameworks/Foundation.framework; sourceTree = SDKROOT; };
		1DF4F79B160F9D5B0037E9E3 /* CoreGraphics.framework */ = {isa = PBXFileReference; lastKnownFileType = wrapper.framework; name = CoreGraphics.framework; path = System/Library/Frameworks/CoreGraphics.framework; sourceTree = SDKROOT; };
		1DF4F79F160F9D5B0037E9E3 /* SecretCircle_V1-Info.plist */ = {isa = PBXFileReference; lastKnownFileType = text.plist.xml; path = "SecretCircle_V1-Info.plist"; sourceTree = "<group>"; };
		1DF4F7A1160F9D5B0037E9E3 /* en */ = {isa = PBXFileReference; lastKnownFileType = text.plist.strings; name = en; path = en.lproj/InfoPlist.strings; sourceTree = "<group>"; };
		1DF4F7A3160F9D5B0037E9E3 /* main.m */ = {isa = PBXFileReference; lastKnownFileType = sourcecode.c.objc; path = main.m; sourceTree = "<group>"; };
		1DF4F7A5160F9D5B0037E9E3 /* SecretCircle_V1-Prefix.pch */ = {isa = PBXFileReference; lastKnownFileType = sourcecode.c.h; path = "SecretCircle_V1-Prefix.pch"; sourceTree = "<group>"; };
		1DF4F7A6160F9D5B0037E9E3 /* SecretCircle_V1AppDelegate.h */ = {isa = PBXFileReference; lastKnownFileType = sourcecode.c.h; path = SecretCircle_V1AppDelegate.h; sourceTree = "<group>"; };
		1DF4F7A7160F9D5B0037E9E3 /* SecretCircle_V1AppDelegate.m */ = {isa = PBXFileReference; lastKnownFileType = sourcecode.c.objc; path = SecretCircle_V1AppDelegate.m; sourceTree = "<group>"; };
		1DF4F7A9160F9D5B0037E9E3 /* SecretCircle_V1ViewController.h */ = {isa = PBXFileReference; lastKnownFileType = sourcecode.c.h; path = SecretCircle_V1ViewController.h; sourceTree = "<group>"; };
		1DF4F7AA160F9D5B0037E9E3 /* SecretCircle_V1ViewController.m */ = {isa = PBXFileReference; lastKnownFileType = sourcecode.c.objc; path = SecretCircle_V1ViewController.m; sourceTree = "<group>"; };
		1DF4F7AD160F9D5B0037E9E3 /* en */ = {isa = PBXFileReference; lastKnownFileType = file.xib; name = en; path = en.lproj/SecretCircle_V1ViewController.xib; sourceTree = "<group>"; };
		3F5E3A6A1616D20200D508C7 /* SecretCircle_relationship.h */ = {isa = PBXFileReference; fileEncoding = 4; lastKnownFileType = sourcecode.c.h; path = SecretCircle_relationship.h; sourceTree = "<group>"; };
		3F5E3A6B1616D20200D508C7 /* SecretCircle_relationship.m */ = {isa = PBXFileReference; fileEncoding = 4; lastKnownFileType = sourcecode.c.objc; path = SecretCircle_relationship.m; sourceTree = "<group>"; };
		3F5E3A6C1616D20200D508C7 /* SecretCircle_relationship.xib */ = {isa = PBXFileReference; fileEncoding = 4; lastKnownFileType = file.xib; path = SecretCircle_relationship.xib; sourceTree = "<group>"; };
		3F5E3A6F1616D60C00D508C7 /* SecretCircle_relationClass.h */ = {isa = PBXFileReference; lastKnownFileType = sourcecode.c.h; path = SecretCircle_relationClass.h; sourceTree = "<group>"; };
		3F5E3A701616D61100D508C7 /* SecretCircle_relationClass.m */ = {isa = PBXFileReference; fileEncoding = 4; lastKnownFileType = sourcecode.c.objc; path = SecretCircle_relationClass.m; sourceTree = "<group>"; };
/* End PBXFileReference section */

/* Begin PBXFrameworksBuildPhase section */
		1DF4F790160F9D5A0037E9E3 /* Frameworks */ = {
			isa = PBXFrameworksBuildPhase;
			buildActionMask = 2147483647;
			files = (
				1DF4F798160F9D5B0037E9E3 /* UIKit.framework in Frameworks */,
				1DF4F79A160F9D5B0037E9E3 /* Foundation.framework in Frameworks */,
				1DF4F79C160F9D5B0037E9E3 /* CoreGraphics.framework in Frameworks */,
			);
			runOnlyForDeploymentPostprocessing = 0;
		};
/* End PBXFrameworksBuildPhase section */

/* Begin PBXGroup section */
		1DF4F788160F9D5A0037E9E3 = {
			isa = PBXGroup;
			children = (
				1DF4F79D160F9D5B0037E9E3 /* SecretCircle_V1 */,
				1DF4F796160F9D5B0037E9E3 /* Frameworks */,
				1DF4F794160F9D5B0037E9E3 /* Products */,
			);
			sourceTree = "<group>";
		};
		1DF4F794160F9D5B0037E9E3 /* Products */ = {
			isa = PBXGroup;
			children = (
				1DF4F793160F9D5B0037E9E3 /* SecretCircle_V1.app */,
			);
			name = Products;
			sourceTree = "<group>";
		};
		1DF4F796160F9D5B0037E9E3 /* Frameworks */ = {
			isa = PBXGroup;
			children = (
				1DF4F797160F9D5B0037E9E3 /* UIKit.framework */,
				1DF4F799160F9D5B0037E9E3 /* Foundation.framework */,
				1DF4F79B160F9D5B0037E9E3 /* CoreGraphics.framework */,
			);
			name = Frameworks;
			sourceTree = "<group>";
		};
		1DF4F79D160F9D5B0037E9E3 /* SecretCircle_V1 */ = {
			isa = PBXGroup;
			children = (
				3F5E3A671616D17800D508C7 /* InterviewOne */,
				1DF4F7A6160F9D5B0037E9E3 /* SecretCircle_V1AppDelegate.h */,
				1DF4F7A7160F9D5B0037E9E3 /* SecretCircle_V1AppDelegate.m */,
				1DF4F7A9160F9D5B0037E9E3 /* SecretCircle_V1ViewController.h */,
				1DF4F7AA160F9D5B0037E9E3 /* SecretCircle_V1ViewController.m */,
				1DF4F7AC160F9D5B0037E9E3 /* SecretCircle_V1ViewController.xib */,
				1DF4F79E160F9D5B0037E9E3 /* Supporting Files */,
			);
			path = SecretCircle_V1;
			sourceTree = "<group>";
		};
		1DF4F79E160F9D5B0037E9E3 /* Supporting Files */ = {
			isa = PBXGroup;
			children = (
				1DF4F79F160F9D5B0037E9E3 /* SecretCircle_V1-Info.plist */,
				1DF4F7A0160F9D5B0037E9E3 /* InfoPlist.strings */,
				1DF4F7A3160F9D5B0037E9E3 /* main.m */,
				1DF4F7A5160F9D5B0037E9E3 /* SecretCircle_V1-Prefix.pch */,
			);
			name = "Supporting Files";
			sourceTree = "<group>";
		};
		3F5E3A671616D17800D508C7 /* InterviewOne */ = {
			isa = PBXGroup;
			children = (
				3F5E3A691616D1A100D508C7 /* Relationship */,
			);
			name = InterviewOne;
			sourceTree = "<group>";
		};
		3F5E3A691616D1A100D508C7 /* Relationship */ = {
			isa = PBXGroup;
			children = (
				3F5E3A6F1616D60C00D508C7 /* SecretCircle_relationClass.h */,
				3F5E3A701616D61100D508C7 /* SecretCircle_relationClass.m */,
				3F5E3A6A1616D20200D508C7 /* SecretCircle_relationship.h */,
				3F5E3A6B1616D20200D508C7 /* SecretCircle_relationship.m */,
				3F5E3A6C1616D20200D508C7 /* SecretCircle_relationship.xib */,
			);
			name = Relationship;
			sourceTree = "<group>";
		};
/* End PBXGroup section */

/* Begin PBXNativeTarget section */
		1DF4F792160F9D5A0037E9E3 /* SecretCircle_V1 */ = {
			isa = PBXNativeTarget;
			buildConfigurationList = 1DF4F7B1160F9D5B0037E9E3 /* Build configuration list for PBXNativeTarget "SecretCircle_V1" */;
			buildPhases = (
				1DF4F78F160F9D5A0037E9E3 /* Sources */,
				1DF4F790160F9D5A0037E9E3 /* Frameworks */,
				1DF4F791160F9D5A0037E9E3 /* Resources */,
			);
			buildRules = (
			);
			dependencies = (
			);
			name = SecretCircle_V1;
			productName = SecretCircle_V1;
			productReference = 1DF4F793160F9D5B0037E9E3 /* SecretCircle_V1.app */;
			productType = "com.apple.product-type.application";
		};
/* End PBXNativeTarget section */

/* Begin PBXProject section */
		1DF4F78A160F9D5A0037E9E3 /* Project object */ = {
			isa = PBXProject;
			attributes = {
				CLASSPREFIX = SecretCircle_V1;
				LastUpgradeCheck = 0440;
				ORGANIZATIONNAME = "Christy M MacMillan";
			};
			buildConfigurationList = 1DF4F78D160F9D5A0037E9E3 /* Build configuration list for PBXProject "SecretCircle_V1" */;
			compatibilityVersion = "Xcode 3.2";
			developmentRegion = English;
			hasScannedForEncodings = 0;
			knownRegions = (
				en,
			);
			mainGroup = 1DF4F788160F9D5A0037E9E3;
			productRefGroup = 1DF4F794160F9D5B0037E9E3 /* Products */;
			projectDirPath = "";
			projectRoot = "";
			targets = (
				1DF4F792160F9D5A0037E9E3 /* SecretCircle_V1 */,
			);
		};
/* End PBXProject section */

/* Begin PBXResourcesBuildPhase section */
		1DF4F791160F9D5A0037E9E3 /* Resources */ = {
			isa = PBXResourcesBuildPhase;
			buildActionMask = 2147483647;
			files = (
				1DF4F7A2160F9D5B0037E9E3 /* InfoPlist.strings in Resources */,
				1DF4F7AE160F9D5B0037E9E3 /* SecretCircle_V1ViewController.xib in Resources */,
				3F5E3A6E1616D20200D508C7 /* SecretCircle_relationship.xib in Resources */,
			);
			runOnlyForDeploymentPostprocessing = 0;
		};
/* End PBXResourcesBuildPhase section */

/* Begin PBXSourcesBuildPhase section */
		1DF4F78F160F9D5A0037E9E3 /* Sources */ = {
			isa = PBXSourcesBuildPhase;
			buildActionMask = 2147483647;
			files = (
				1DF4F7A4160F9D5B0037E9E3 /* main.m in Sources */,
				1DF4F7A8160F9D5B0037E9E3 /* SecretCircle_V1AppDelegate.m in Sources */,
				1DF4F7AB160F9D5B0037E9E3 /* SecretCircle_V1ViewController.m in Sources */,
				3F5E3A6D1616D20200D508C7 /* SecretCircle_relationship.m in Sources */,
				3F5E3A711616D61100D508C7 /* SecretCircle_relationClass.m in Sources */,
			);
			runOnlyForDeploymentPostprocessing = 0;
		};
/* End PBXSourcesBuildPhase section */

/* Begin PBXVariantGroup section */
		1DF4F7A0160F9D5B0037E9E3 /* InfoPlist.strings */ = {
			isa = PBXVariantGroup;
			children = (
				1DF4F7A1160F9D5B0037E9E3 /* en */,
			);
			name = InfoPlist.strings;
			sourceTree = "<group>";
		};
		1DF4F7AC160F9D5B0037E9E3 /* SecretCircle_V1ViewController.xib */ = {
			isa = PBXVariantGroup;
			children = (
				1DF4F7AD160F9D5B0037E9E3 /* en */,
			);
			name = SecretCircle_V1ViewController.xib;
			sourceTree = "<group>";
		};
/* End PBXVariantGroup section */

/* Begin XCBuildConfiguration section */
		1DF4F7AF160F9D5B0037E9E3 /* Debug */ = {
			isa = XCBuildConfiguration;
			buildSettings = {
				ALWAYS_SEARCH_USER_PATHS = NO;
				ARCHS = "$(ARCHS_STANDARD_32_BIT)";
				CLANG_CXX_LANGUAGE_STANDARD = "gnu++0x";
				CLANG_ENABLE_OBJC_ARC = YES;
				CLANG_WARN__DUPLICATE_METHOD_MATCH = YES;
				"CODE_SIGN_IDENTITY[sdk=iphoneos*]" = "iPhone Developer";
				COPY_PHASE_STRIP = NO;
				GCC_C_LANGUAGE_STANDARD = gnu99;
				GCC_DYNAMIC_NO_PIC = NO;
				GCC_OPTIMIZATION_LEVEL = 0;
				GCC_PREPROCESSOR_DEFINITIONS = (
					"DEBUG=1",
					"$(inherited)",
				);
				GCC_SYMBOLS_PRIVATE_EXTERN = NO;
				GCC_VERSION = com.apple.compilers.llvm.clang.1_0;
				GCC_WARN_ABOUT_RETURN_TYPE = YES;
				GCC_WARN_UNINITIALIZED_AUTOS = YES;
				GCC_WARN_UNUSED_VARIABLE = YES;
				IPHONEOS_DEPLOYMENT_TARGET = 5.1;
				SDKROOT = iphoneos;
			};
			name = Debug;
		};
		1DF4F7B0160F9D5B0037E9E3 /* Release */ = {
			isa = XCBuildConfiguration;
			buildSettings = {
				ALWAYS_SEARCH_USER_PATHS = NO;
				ARCHS = "$(ARCHS_STANDARD_32_BIT)";
				CLANG_CXX_LANGUAGE_STANDARD = "gnu++0x";
				CLANG_ENABLE_OBJC_ARC = YES;
				CLANG_WARN__DUPLICATE_METHOD_MATCH = YES;
				"CODE_SIGN_IDENTITY[sdk=iphoneos*]" = "iPhone Developer";
				COPY_PHASE_STRIP = YES;
				GCC_C_LANGUAGE_STANDARD = gnu99;
				GCC_VERSION = com.apple.compilers.llvm.clang.1_0;
				GCC_WARN_ABOUT_RETURN_TYPE = YES;
				GCC_WARN_UNINITIALIZED_AUTOS = YES;
				GCC_WARN_UNUSED_VARIABLE = YES;
				IPHONEOS_DEPLOYMENT_TARGET = 5.1;
				OTHER_CFLAGS = "-DNS_BLOCK_ASSERTIONS=1";
				SDKROOT = iphoneos;
				VALIDATE_PRODUCT = YES;
			};
			name = Release;
		};
		1DF4F7B2160F9D5B0037E9E3 /* Debug */ = {
			isa = XCBuildConfiguration;
			buildSettings = {
				GCC_PRECOMPILE_PREFIX_HEADER = YES;
				GCC_PREFIX_HEADER = "SecretCircle_V1/SecretCircle_V1-Prefix.pch";
				INFOPLIST_FILE = "SecretCircle_V1/SecretCircle_V1-Info.plist";
				PRODUCT_NAME = "$(TARGET_NAME)";
				WRAPPER_EXTENSION = app;
			};
			name = Debug;
		};
		1DF4F7B3160F9D5B0037E9E3 /* Release */ = {
			isa = XCBuildConfiguration;
			buildSettings = {
				GCC_PRECOMPILE_PREFIX_HEADER = YES;
				GCC_PREFIX_HEADER = "SecretCircle_V1/SecretCircle_V1-Prefix.pch";
				INFOPLIST_FILE = "SecretCircle_V1/SecretCircle_V1-Info.plist";
				PRODUCT_NAME = "$(TARGET_NAME)";
				WRAPPER_EXTENSION = app;
			};
			name = Release;
		};
/* End XCBuildConfiguration section */

/* Begin XCConfigurationList section */
		1DF4F78D160F9D5A0037E9E3 /* Build configuration list for PBXProject "SecretCircle_V1" */ = {
			isa = XCConfigurationList;
			buildConfigurations = (
				1DF4F7AF160F9D5B0037E9E3 /* Debug */,
				1DF4F7B0160F9D5B0037E9E3 /* Release */,
			);
			defaultConfigurationIsVisible = 0;
			defaultConfigurationName = Release;
		};
		1DF4F7B1160F9D5B0037E9E3 /* Build configuration list for PBXNativeTarget "SecretCircle_V1" */ = {
			isa = XCConfigurationList;
			buildConfigurations = (
				1DF4F7B2160F9D5B0037E9E3 /* Debug */,
				1DF4F7B3160F9D5B0037E9E3 /* Release */,
			);
			defaultConfigurationIsVisible = 0;
			defaultConfigurationName = Release;
		};
/* End XCConfigurationList section */
	};
	rootObject = 1DF4F78A160F9D5A0037E9E3 /* Project object */;
}
